// !$*UTF8*$!
{
	archiveVersion = 1;
	classes = {
	};
	objectVersion = 56;
	objects = {

/* Begin PBXBuildFile section */
		2F95A60F2AE9847A00159534 /* AppDelegate.swift in Sources */ = {isa = PBXBuildFile; fileRef = 2F95A60E2AE9847A00159534 /* AppDelegate.swift */; };
		2F95A6112AE9847A00159534 /* SceneDelegate.swift in Sources */ = {isa = PBXBuildFile; fileRef = 2F95A6102AE9847A00159534 /* SceneDelegate.swift */; };
		2F95A6132AE9847A00159534 /* MainTabBarViewController.swift in Sources */ = {isa = PBXBuildFile; fileRef = 2F95A6122AE9847A00159534 /* MainTabBarViewController.swift */; };
		2F95A6162AE9847A00159534 /* Main.storyboard in Resources */ = {isa = PBXBuildFile; fileRef = 2F95A6142AE9847A00159534 /* Main.storyboard */; };
		2F95A6182AE9847B00159534 /* Assets.xcassets in Resources */ = {isa = PBXBuildFile; fileRef = 2F95A6172AE9847B00159534 /* Assets.xcassets */; };
		2F95A61B2AE9847B00159534 /* LaunchScreen.storyboard in Resources */ = {isa = PBXBuildFile; fileRef = 2F95A6192AE9847B00159534 /* LaunchScreen.storyboard */; };
		2F95A6242AE9874D00159534 /* HomeViewController.swift in Sources */ = {isa = PBXBuildFile; fileRef = 2F95A6232AE9874D00159534 /* HomeViewController.swift */; };
		2F95A6262AE9878200159534 /* UpcomingViewController.swift in Sources */ = {isa = PBXBuildFile; fileRef = 2F95A6252AE9878200159534 /* UpcomingViewController.swift */; };
		2F95A6282AE9878D00159534 /* SearchViewController.swift in Sources */ = {isa = PBXBuildFile; fileRef = 2F95A6272AE9878D00159534 /* SearchViewController.swift */; };
		2F95A62A2AE9879A00159534 /* DownloadsViewController.swift in Sources */ = {isa = PBXBuildFile; fileRef = 2F95A6292AE9879A00159534 /* DownloadsViewController.swift */; };
		2F95A6312AE995A100159534 /* ColletionViewTableViewCell.swift in Sources */ = {isa = PBXBuildFile; fileRef = 2F95A6302AE995A100159534 /* ColletionViewTableViewCell.swift */; };
		2F95A6332AEBBF4400159534 /* HeroHeaderUIView.swift in Sources */ = {isa = PBXBuildFile; fileRef = 2F95A6322AEBBF4400159534 /* HeroHeaderUIView.swift */; };
		2F95A6352AEBD53700159534 /* APICaller.swift in Sources */ = {isa = PBXBuildFile; fileRef = 2F95A6342AEBD53700159534 /* APICaller.swift */; };
		2F95A6372AEBDA6500159534 /* Movie.swift in Sources */ = {isa = PBXBuildFile; fileRef = 2F95A6362AEBDA6500159534 /* Movie.swift */; };
		2F95A6392AEBE3A700159534 /* Extensions.swift in Sources */ = {isa = PBXBuildFile; fileRef = 2F95A6382AEBE3A700159534 /* Extensions.swift */; };
		2F95A63B2AEBE7EC00159534 /* Tv.swift in Sources */ = {isa = PBXBuildFile; fileRef = 2F95A63A2AEBE7EC00159534 /* Tv.swift */; };
/* End PBXBuildFile section */

/* Begin PBXFileReference section */
		2F95A60B2AE9847A00159534 /* Netflix.app */ = {isa = PBXFileReference; explicitFileType = wrapper.application; includeInIndex = 0; path = Netflix.app; sourceTree = BUILT_PRODUCTS_DIR; };
		2F95A60E2AE9847A00159534 /* AppDelegate.swift */ = {isa = PBXFileReference; lastKnownFileType = sourcecode.swift; path = AppDelegate.swift; sourceTree = "<group>"; };
		2F95A6102AE9847A00159534 /* SceneDelegate.swift */ = {isa = PBXFileReference; lastKnownFileType = sourcecode.swift; path = SceneDelegate.swift; sourceTree = "<group>"; };
		2F95A6122AE9847A00159534 /* MainTabBarViewController.swift */ = {isa = PBXFileReference; lastKnownFileType = sourcecode.swift; path = MainTabBarViewController.swift; sourceTree = "<group>"; };
		2F95A6152AE9847A00159534 /* Base */ = {isa = PBXFileReference; lastKnownFileType = file.storyboard; name = Base; path = Base.lproj/Main.storyboard; sourceTree = "<group>"; };
		2F95A6172AE9847B00159534 /* Assets.xcassets */ = {isa = PBXFileReference; lastKnownFileType = folder.assetcatalog; path = Assets.xcassets; sourceTree = "<group>"; };
		2F95A61A2AE9847B00159534 /* Base */ = {isa = PBXFileReference; lastKnownFileType = file.storyboard; name = Base; path = Base.lproj/LaunchScreen.storyboard; sourceTree = "<group>"; };
		2F95A61C2AE9847B00159534 /* Info.plist */ = {isa = PBXFileReference; lastKnownFileType = text.plist.xml; path = Info.plist; sourceTree = "<group>"; };
		2F95A6232AE9874D00159534 /* HomeViewController.swift */ = {isa = PBXFileReference; lastKnownFileType = sourcecode.swift; path = HomeViewController.swift; sourceTree = "<group>"; };
		2F95A6252AE9878200159534 /* UpcomingViewController.swift */ = {isa = PBXFileReference; lastKnownFileType = sourcecode.swift; path = UpcomingViewController.swift; sourceTree = "<group>"; };
		2F95A6272AE9878D00159534 /* SearchViewController.swift */ = {isa = PBXFileReference; lastKnownFileType = sourcecode.swift; path = SearchViewController.swift; sourceTree = "<group>"; };
		2F95A6292AE9879A00159534 /* DownloadsViewController.swift */ = {isa = PBXFileReference; lastKnownFileType = sourcecode.swift; path = DownloadsViewController.swift; sourceTree = "<group>"; };
		2F95A6302AE995A100159534 /* ColletionViewTableViewCell.swift */ = {isa = PBXFileReference; lastKnownFileType = sourcecode.swift; path = ColletionViewTableViewCell.swift; sourceTree = "<group>"; };
		2F95A6322AEBBF4400159534 /* HeroHeaderUIView.swift */ = {isa = PBXFileReference; lastKnownFileType = sourcecode.swift; path = HeroHeaderUIView.swift; sourceTree = "<group>"; };
		2F95A6342AEBD53700159534 /* APICaller.swift */ = {isa = PBXFileReference; lastKnownFileType = sourcecode.swift; path = APICaller.swift; sourceTree = "<group>"; };
		2F95A6362AEBDA6500159534 /* Movie.swift */ = {isa = PBXFileReference; lastKnownFileType = sourcecode.swift; path = Movie.swift; sourceTree = "<group>"; };
		2F95A6382AEBE3A700159534 /* Extensions.swift */ = {isa = PBXFileReference; lastKnownFileType = sourcecode.swift; path = Extensions.swift; sourceTree = "<group>"; };
		2F95A63A2AEBE7EC00159534 /* Tv.swift */ = {isa = PBXFileReference; lastKnownFileType = sourcecode.swift; path = Tv.swift; sourceTree = "<group>"; };
/* End PBXFileReference section */

/* Begin PBXFrameworksBuildPhase section */
		2F95A6082AE9847A00159534 /* Frameworks */ = {
			isa = PBXFrameworksBuildPhase;
			buildActionMask = 2147483647;
			files = (
			);
			runOnlyForDeploymentPostprocessing = 0;
		};
/* End PBXFrameworksBuildPhase section */

/* Begin PBXGroup section */
		2F95A6022AE9847A00159534 = {
			isa = PBXGroup;
			children = (
				2F95A60D2AE9847A00159534 /* Netflix */,
				2F95A60C2AE9847A00159534 /* Products */,
			);
			sourceTree = "<group>";
		};
		2F95A60C2AE9847A00159534 /* Products */ = {
			isa = PBXGroup;
			children = (
				2F95A60B2AE9847A00159534 /* Netflix.app */,
			);
			name = Products;
			sourceTree = "<group>";
		};
		2F95A60D2AE9847A00159534 /* Netflix */ = {
			isa = PBXGroup;
			children = (
				2F95A62F2AE9952500159534 /* Managers */,
				2F95A62E2AE9951800159534 /* Resources */,
				2F95A62D2AE9941C00159534 /* Model */,
				2F95A62C2AE9940F00159534 /* ViewModels */,
				2F95A62B2AE9940200159534 /* Views */,
				2F95A6222AE9872A00159534 /* Controllers */,
				2F95A60E2AE9847A00159534 /* AppDelegate.swift */,
				2F95A6102AE9847A00159534 /* SceneDelegate.swift */,
				2F95A6122AE9847A00159534 /* MainTabBarViewController.swift */,
				2F95A6142AE9847A00159534 /* Main.storyboard */,
				2F95A6172AE9847B00159534 /* Assets.xcassets */,
				2F95A6192AE9847B00159534 /* LaunchScreen.storyboard */,
				2F95A61C2AE9847B00159534 /* Info.plist */,
			);
			path = Netflix;
			sourceTree = "<group>";
		};
		2F95A6222AE9872A00159534 /* Controllers */ = {
			isa = PBXGroup;
			children = (
				2F95A6232AE9874D00159534 /* HomeViewController.swift */,
				2F95A6252AE9878200159534 /* UpcomingViewController.swift */,
				2F95A6272AE9878D00159534 /* SearchViewController.swift */,
				2F95A6292AE9879A00159534 /* DownloadsViewController.swift */,
			);
			path = Controllers;
			sourceTree = "<group>";
		};
		2F95A62B2AE9940200159534 /* Views */ = {
			isa = PBXGroup;
			children = (
				2F95A6302AE995A100159534 /* ColletionViewTableViewCell.swift */,
				2F95A6322AEBBF4400159534 /* HeroHeaderUIView.swift */,
			);
			path = Views;
			sourceTree = "<group>";
		};
		2F95A62C2AE9940F00159534 /* ViewModels */ = {
			isa = PBXGroup;
			children = (
			);
			path = ViewModels;
			sourceTree = "<group>";
		};
		2F95A62D2AE9941C00159534 /* Model */ = {
			isa = PBXGroup;
			children = (
				2F95A6362AEBDA6500159534 /* Movie.swift */,
				2F95A63A2AEBE7EC00159534 /* Tv.swift */,
			);
			path = Model;
			sourceTree = "<group>";
		};
		2F95A62E2AE9951800159534 /* Resources */ = {
			isa = PBXGroup;
			children = (
				2F95A6382AEBE3A700159534 /* Extensions.swift */,
			);
			path = Resources;
			sourceTree = "<group>";
		};
		2F95A62F2AE9952500159534 /* Managers */ = {
			isa = PBXGroup;
			children = (
				2F95A6342AEBD53700159534 /* APICaller.swift */,
			);
			path = Managers;
			sourceTree = "<group>";
		};
/* End PBXGroup section */

/* Begin PBXNativeTarget section */
		2F95A60A2AE9847A00159534 /* Netflix */ = {
			isa = PBXNativeTarget;
			buildConfigurationList = 2F95A61F2AE9847B00159534 /* Build configuration list for PBXNativeTarget "Netflix" */;
			buildPhases = (
				2F95A6072AE9847A00159534 /* Sources */,
				2F95A6082AE9847A00159534 /* Frameworks */,
				2F95A6092AE9847A00159534 /* Resources */,
			);
			buildRules = (
			);
			dependencies = (
			);
			name = Netflix;
			productName = Netflix;
			productReference = 2F95A60B2AE9847A00159534 /* Netflix.app */;
			productType = "com.apple.product-type.application";
		};
/* End PBXNativeTarget section */

/* Begin PBXProject section */
		2F95A6032AE9847A00159534 /* Project object */ = {
			isa = PBXProject;
			attributes = {
				BuildIndependentTargetsInParallel = 1;
				LastSwiftUpdateCheck = 1430;
				LastUpgradeCheck = 1430;
				TargetAttributes = {
					2F95A60A2AE9847A00159534 = {
						CreatedOnToolsVersion = 14.3.1;
					};
				};
			};
			buildConfigurationList = 2F95A6062AE9847A00159534 /* Build configuration list for PBXProject "Netflix" */;
			compatibilityVersion = "Xcode 14.0";
			developmentRegion = en;
			hasScannedForEncodings = 0;
			knownRegions = (
				en,
				Base,
			);
			mainGroup = 2F95A6022AE9847A00159534;
			productRefGroup = 2F95A60C2AE9847A00159534 /* Products */;
			projectDirPath = "";
			projectRoot = "";
			targets = (
				2F95A60A2AE9847A00159534 /* Netflix */,
			);
		};
/* End PBXProject section */

/* Begin PBXResourcesBuildPhase section */
		2F95A6092AE9847A00159534 /* Resources */ = {
			isa = PBXResourcesBuildPhase;
			buildActionMask = 2147483647;
			files = (
				2F95A61B2AE9847B00159534 /* LaunchScreen.storyboard in Resources */,
				2F95A6182AE9847B00159534 /* Assets.xcassets in Resources */,
				2F95A6162AE9847A00159534 /* Main.storyboard in Resources */,
			);
			runOnlyForDeploymentPostprocessing = 0;
		};
/* End PBXResourcesBuildPhase section */

/* Begin PBXSourcesBuildPhase section */
		2F95A6072AE9847A00159534 /* Sources */ = {
			isa = PBXSourcesBuildPhase;
			buildActionMask = 2147483647;
			files = (
				2F95A6282AE9878D00159534 /* SearchViewController.swift in Sources */,
				2F95A6132AE9847A00159534 /* MainTabBarViewController.swift in Sources */,
				2F95A62A2AE9879A00159534 /* DownloadsViewController.swift in Sources */,
				2F95A6352AEBD53700159534 /* APICaller.swift in Sources */,
				2F95A6332AEBBF4400159534 /* HeroHeaderUIView.swift in Sources */,
				2F95A60F2AE9847A00159534 /* AppDelegate.swift in Sources */,
				2F95A6312AE995A100159534 /* ColletionViewTableViewCell.swift in Sources */,
				2F95A6392AEBE3A700159534 /* Extensions.swift in Sources */,
				2F95A6112AE9847A00159534 /* SceneDelegate.swift in Sources */,
				2F95A6262AE9878200159534 /* UpcomingViewController.swift in Sources */,
				2F95A6372AEBDA6500159534 /* Movie.swift in Sources */,
				2F95A63B2AEBE7EC00159534 /* Tv.swift in Sources */,
				2F95A6242AE9874D00159534 /* HomeViewController.swift in Sources */,
			);
			runOnlyForDeploymentPostprocessing = 0;
		};
/* End PBXSourcesBuildPhase section */

/* Begin PBXVariantGroup section */
		2F95A6142AE9847A00159534 /* Main.storyboard */ = {
			isa = PBXVariantGroup;
			children = (
				2F95A6152AE9847A00159534 /* Base */,
			);
			name = Main.storyboard;
			sourceTree = "<group>";
		};
		2F95A6192AE9847B00159534 /* LaunchScreen.storyboard */ = {
			isa = PBXVariantGroup;
			children = (
				2F95A61A2AE9847B00159534 /* Base */,
			);
			name = LaunchScreen.storyboard;
			sourceTree = "<group>";
		};
/* End PBXVariantGroup section */

/* Begin XCBuildConfiguration section */
		2F95A61D2AE9847B00159534 /* Debug */ = {
			isa = XCBuildConfiguration;
			buildSettings = {
				ALWAYS_SEARCH_USER_PATHS = NO;
				CLANG_ANALYZER_NONNULL = YES;
				CLANG_ANALYZER_NUMBER_OBJECT_CONVERSION = YES_AGGRESSIVE;
				CLANG_CXX_LANGUAGE_STANDARD = "gnu++20";
				CLANG_ENABLE_MODULES = YES;
				CLANG_ENABLE_OBJC_ARC = YES;
				CLANG_ENABLE_OBJC_WEAK = YES;
				CLANG_WARN_BLOCK_CAPTURE_AUTORELEASING = YES;
				CLANG_WARN_BOOL_CONVERSION = YES;
				CLANG_WARN_COMMA = YES;
				CLANG_WARN_CONSTANT_CONVERSION = YES;
				CLANG_WARN_DEPRECATED_OBJC_IMPLEMENTATIONS = YES;
				CLANG_WARN_DIRECT_OBJC_ISA_USAGE = YES_ERROR;
				CLANG_WARN_DOCUMENTATION_COMMENTS = YES;
				CLANG_WARN_EMPTY_BODY = YES;
				CLANG_WARN_ENUM_CONVERSION = YES;
				CLANG_WARN_INFINITE_RECURSION = YES;
				CLANG_WARN_INT_CONVERSION = YES;
				CLANG_WARN_NON_LITERAL_NULL_CONVERSION = YES;
				CLANG_WARN_OBJC_IMPLICIT_RETAIN_SELF = YES;
				CLANG_WARN_OBJC_LITERAL_CONVERSION = YES;
				CLANG_WARN_OBJC_ROOT_CLASS = YES_ERROR;
				CLANG_WARN_QUOTED_INCLUDE_IN_FRAMEWORK_HEADER = YES;
				CLANG_WARN_RANGE_LOOP_ANALYSIS = YES;
				CLANG_WARN_STRICT_PROTOTYPES = YES;
				CLANG_WARN_SUSPICIOUS_MOVE = YES;
				CLANG_WARN_UNGUARDED_AVAILABILITY = YES_AGGRESSIVE;
				CLANG_WARN_UNREACHABLE_CODE = YES;
				CLANG_WARN__DUPLICATE_METHOD_MATCH = YES;
				COPY_PHASE_STRIP = NO;
				DEBUG_INFORMATION_FORMAT = dwarf;
				ENABLE_STRICT_OBJC_MSGSEND = YES;
				ENABLE_TESTABILITY = YES;
				GCC_C_LANGUAGE_STANDARD = gnu11;
				GCC_DYNAMIC_NO_PIC = NO;
				GCC_NO_COMMON_BLOCKS = YES;
				GCC_OPTIMIZATION_LEVEL = 0;
				GCC_PREPROCESSOR_DEFINITIONS = (
					"DEBUG=1",
					"$(inherited)",
				);
				GCC_WARN_64_TO_32_BIT_CONVERSION = YES;
				GCC_WARN_ABOUT_RETURN_TYPE = YES_ERROR;
				GCC_WARN_UNDECLARED_SELECTOR = YES;
				GCC_WARN_UNINITIALIZED_AUTOS = YES_AGGRESSIVE;
				GCC_WARN_UNUSED_FUNCTION = YES;
				GCC_WARN_UNUSED_VARIABLE = YES;
				IPHONEOS_DEPLOYMENT_TARGET = 16.4;
				MTL_ENABLE_DEBUG_INFO = INCLUDE_SOURCE;
				MTL_FAST_MATH = YES;
				ONLY_ACTIVE_ARCH = YES;
				SDKROOT = iphoneos;
				SWIFT_ACTIVE_COMPILATION_CONDITIONS = DEBUG;
				SWIFT_OPTIMIZATION_LEVEL = "-Onone";
			};
			name = Debug;
		};
		2F95A61E2AE9847B00159534 /* Release */ = {
			isa = XCBuildConfiguration;
			buildSettings = {
				ALWAYS_SEARCH_USER_PATHS = NO;
				CLANG_ANALYZER_NONNULL = YES;
				CLANG_ANALYZER_NUMBER_OBJECT_CONVERSION = YES_AGGRESSIVE;
				CLANG_CXX_LANGUAGE_STANDARD = "gnu++20";
				CLANG_ENABLE_MODULES = YES;
				CLANG_ENABLE_OBJC_ARC = YES;
				CLANG_ENABLE_OBJC_WEAK = YES;
				CLANG_WARN_BLOCK_CAPTURE_AUTORELEASING = YES;
				CLANG_WARN_BOOL_CONVERSION = YES;
				CLANG_WARN_COMMA = YES;
				CLANG_WARN_CONSTANT_CONVERSION = YES;
				CLANG_WARN_DEPRECATED_OBJC_IMPLEMENTATIONS = YES;
				CLANG_WARN_DIRECT_OBJC_ISA_USAGE = YES_ERROR;
				CLANG_WARN_DOCUMENTATION_COMMENTS = YES;
				CLANG_WARN_EMPTY_BODY = YES;
				CLANG_WARN_ENUM_CONVERSION = YES;
				CLANG_WARN_INFINITE_RECURSION = YES;
				CLANG_WARN_INT_CONVERSION = YES;
				CLANG_WARN_NON_LITERAL_NULL_CONVERSION = YES;
				CLANG_WARN_OBJC_IMPLICIT_RETAIN_SELF = YES;
				CLANG_WARN_OBJC_LITERAL_CONVERSION = YES;
				CLANG_WARN_OBJC_ROOT_CLASS = YES_ERROR;
				CLANG_WARN_QUOTED_INCLUDE_IN_FRAMEWORK_HEADER = YES;
				CLANG_WARN_RANGE_LOOP_ANALYSIS = YES;
				CLANG_WARN_STRICT_PROTOTYPES = YES;
				CLANG_WARN_SUSPICIOUS_MOVE = YES;
				CLANG_WARN_UNGUARDED_AVAILABILITY = YES_AGGRESSIVE;
				CLANG_WARN_UNREACHABLE_CODE = YES;
				CLANG_WARN__DUPLICATE_METHOD_MATCH = YES;
				COPY_PHASE_STRIP = NO;
				DEBUG_INFORMATION_FORMAT = "dwarf-with-dsym";
				ENABLE_NS_ASSERTIONS = NO;
				ENABLE_STRICT_OBJC_MSGSEND = YES;
				GCC_C_LANGUAGE_STANDARD = gnu11;
				GCC_NO_COMMON_BLOCKS = YES;
				GCC_WARN_64_TO_32_BIT_CONVERSION = YES;
				GCC_WARN_ABOUT_RETURN_TYPE = YES_ERROR;
				GCC_WARN_UNDECLARED_SELECTOR = YES;
				GCC_WARN_UNINITIALIZED_AUTOS = YES_AGGRESSIVE;
				GCC_WARN_UNUSED_FUNCTION = YES;
				GCC_WARN_UNUSED_VARIABLE = YES;
				IPHONEOS_DEPLOYMENT_TARGET = 16.4;
				MTL_ENABLE_DEBUG_INFO = NO;
				MTL_FAST_MATH = YES;
				SDKROOT = iphoneos;
				SWIFT_COMPILATION_MODE = wholemodule;
				SWIFT_OPTIMIZATION_LEVEL = "-O";
				VALIDATE_PRODUCT = YES;
			};
			name = Release;
		};
		2F95A6202AE9847B00159534 /* Debug */ = {
			isa = XCBuildConfiguration;
			buildSettings = {
				ASSETCATALOG_COMPILER_APPICON_NAME = AppIcon;
				ASSETCATALOG_COMPILER_GLOBAL_ACCENT_COLOR_NAME = AccentColor;
				CODE_SIGN_STYLE = Automatic;
				CURRENT_PROJECT_VERSION = 1;
				DEVELOPMENT_TEAM = DN897H9X8W;
				GENERATE_INFOPLIST_FILE = YES;
				INFOPLIST_FILE = Netflix/Info.plist;
				INFOPLIST_KEY_UIApplicationSupportsIndirectInputEvents = YES;
				INFOPLIST_KEY_UILaunchStoryboardName = LaunchScreen;
				INFOPLIST_KEY_UIMainStoryboardFile = Main;
				INFOPLIST_KEY_UISupportedInterfaceOrientations_iPad = "UIInterfaceOrientationPortrait UIInterfaceOrientationPortraitUpsideDown UIInterfaceOrientationLandscapeLeft UIInterfaceOrientationLandscapeRight";
				INFOPLIST_KEY_UISupportedInterfaceOrientations_iPhone = "UIInterfaceOrientationPortrait UIInterfaceOrientationLandscapeLeft UIInterfaceOrientationLandscapeRight";
				LD_RUNPATH_SEARCH_PATHS = (
					"$(inherited)",
					"@executable_path/Frameworks",
				);
				MARKETING_VERSION = 1.0;
				PRODUCT_BUNDLE_IDENTIFIER = com.storyboardApp.Netflix;
				PRODUCT_NAME = "$(TARGET_NAME)";
				SWIFT_EMIT_LOC_STRINGS = YES;
				SWIFT_VERSION = 5.0;
				TARGETED_DEVICE_FAMILY = "1,2";
			};
			name = Debug;
		};
		2F95A6212AE9847B00159534 /* Release */ = {
			isa = XCBuildConfiguration;
			buildSettings = {
				ASSETCATALOG_COMPILER_APPICON_NAME = AppIcon;
				ASSETCATALOG_COMPILER_GLOBAL_ACCENT_COLOR_NAME = AccentColor;
				CODE_SIGN_STYLE = Automatic;
				CURRENT_PROJECT_VERSION = 1;
				DEVELOPMENT_TEAM = DN897H9X8W;
				GENERATE_INFOPLIST_FILE = YES;
				INFOPLIST_FILE = Netflix/Info.plist;
				INFOPLIST_KEY_UIApplicationSupportsIndirectInputEvents = YES;
				INFOPLIST_KEY_UILaunchStoryboardName = LaunchScreen;
				INFOPLIST_KEY_UIMainStoryboardFile = Main;
				INFOPLIST_KEY_UISupportedInterfaceOrientations_iPad = "UIInterfaceOrientationPortrait UIInterfaceOrientationPortraitUpsideDown UIInterfaceOrientationLandscapeLeft UIInterfaceOrientationLandscapeRight";
				INFOPLIST_KEY_UISupportedInterfaceOrientations_iPhone = "UIInterfaceOrientationPortrait UIInterfaceOrientationLandscapeLeft UIInterfaceOrientationLandscapeRight";
				LD_RUNPATH_SEARCH_PATHS = (
					"$(inherited)",
					"@executable_path/Frameworks",
				);
				MARKETING_VERSION = 1.0;
				PRODUCT_BUNDLE_IDENTIFIER = com.storyboardApp.Netflix;
				PRODUCT_NAME = "$(TARGET_NAME)";
				SWIFT_EMIT_LOC_STRINGS = YES;
				SWIFT_VERSION = 5.0;
				TARGETED_DEVICE_FAMILY = "1,2";
			};
			name = Release;
		};
/* End XCBuildConfiguration section */

/* Begin XCConfigurationList section */
		2F95A6062AE9847A00159534 /* Build configuration list for PBXProject "Netflix" */ = {
			isa = XCConfigurationList;
			buildConfigurations = (
				2F95A61D2AE9847B00159534 /* Debug */,
				2F95A61E2AE9847B00159534 /* Release */,
			);
			defaultConfigurationIsVisible = 0;
			defaultConfigurationName = Release;
		};
		2F95A61F2AE9847B00159534 /* Build configuration list for PBXNativeTarget "Netflix" */ = {
			isa = XCConfigurationList;
			buildConfigurations = (
				2F95A6202AE9847B00159534 /* Debug */,
				2F95A6212AE9847B00159534 /* Release */,
			);
			defaultConfigurationIsVisible = 0;
			defaultConfigurationName = Release;
		};
/* End XCConfigurationList section */
	};
	rootObject = 2F95A6032AE9847A00159534 /* Project object */;
}
